
Microsoft Visual Studio Solution File, Format Version 12.00
# Visual Studio 2013
VisualStudioVersion = 12.0.21005.1
MinimumVisualStudioVersion = 10.0.40219.1
Project("{FAE04EC0-301F-11D3-BF4B-00C04F79EFBC}") = "Snoopy.Web", "Snoopy.Web\Snoopy.Web.csproj", "{2E562F7E-5E89-45AC-A646-BD28C0476416}"
EndProject
Project("{FAE04EC0-301F-11D3-BF4B-00C04F79EFBC}") = "Snoopy.Core", "Snoopy.Core\Snoopy.Core.csproj", "{842FBC94-6AC3-459D-8045-8A4DA7A9257B}"
EndProject
Project("{FAE04EC0-301F-11D3-BF4B-00C04F79EFBC}") = "Snoopy.Data", "Snoopy.Data\Snoopy.Data.csproj", "{30BF2FDF-5924-4451-9397-FA21AE7F8189}"
EndProject
Project("{FAE04EC0-301F-11D3-BF4B-00C04F79EFBC}") = "Snoopy.Model", "Snoopy.Model\Snoopy.Model.csproj", "{0DE652E9-A297-49CA-9C99-9307A7268786}"
EndProject
Project("{FAE04EC0-301F-11D3-BF4B-00C04F79EFBC}") = "Snoopy.Service", "Snoopy.Service\Snoopy.Service.csproj", "{A3653B09-572B-4F18-9D5F-069DC3EBF1D0}"
EndProject
Global
	GlobalSection(SolutionConfigurationPlatforms) = preSolution
		Debug|Any CPU = Debug|Any CPU
		Release|Any CPU = Release|Any CPU
	EndGlobalSection
	GlobalSection(ProjectConfigurationPlatforms) = postSolution
		{2E562F7E-5E89-45AC-A646-BD28C0476416}.Debug|Any CPU.ActiveCfg = Debug|Any CPU
		{2E562F7E-5E89-45AC-A646-BD28C0476416}.Debug|Any CPU.Build.0 = Debug|Any CPU
		{2E562F7E-5E89-45AC-A646-BD28C0476416}.Release|Any CPU.ActiveCfg = Release|Any CPU
		{2E562F7E-5E89-45AC-A646-BD28C0476416}.Release|Any CPU.Build.0 = Release|Any CPU
		{842FBC94-6AC3-459D-8045-8A4DA7A9257B}.Debug|Any CPU.ActiveCfg = Debug|Any CPU
		{842FBC94-6AC3-459D-8045-8A4DA7A9257B}.Debug|Any CPU.Build.0 = Debug|Any CPU
		{842FBC94-6AC3-459D-8045-8A4DA7A9257B}.Release|Any CPU.ActiveCfg = Release|Any CPU
		{842FBC94-6AC3-459D-8045-8A4DA7A9257B}.Release|Any CPU.Build.0 = Release|Any CPU
		{30BF2FDF-5924-4451-9397-FA21AE7F8189}.Debug|Any CPU.ActiveCfg = Debug|Any CPU
		{30BF2FDF-5924-4451-9397-FA21AE7F8189}.Debug|Any CPU.Build.0 = Debug|Any CPU
		{30BF2FDF-5924-4451-9397-FA21AE7F8189}.Release|Any CPU.ActiveCfg = Release|Any CPU
		{30BF2FDF-5924-4451-9397-FA21AE7F8189}.Release|Any CPU.Build.0 = Release|Any CPU
		{0DE652E9-A297-49CA-9C99-9307A7268786}.Debug|Any CPU.ActiveCfg = Debug|Any CPU
		{0DE652E9-A297-49CA-9C99-9307A7268786}.Debug|Any CPU.Build.0 = Debug|Any CPU
		{0DE652E9-A297-49CA-9C99-9307A7268786}.Release|Any CPU.ActiveCfg = Release|Any CPU
		{0DE652E9-A297-49CA-9C99-9307A7268786}.Release|Any CPU.Build.0 = Release|Any CPU
		{A3653B09-572B-4F18-9D5F-069DC3EBF1D0}.Debug|Any CPU.ActiveCfg = Debug|Any CPU
		{A3653B09-572B-4F18-9D5F-069DC3EBF1D0}.Debug|Any CPU.Build.0 = Debug|Any CPU
		{A3653B09-572B-4F18-9D5F-069DC3EBF1D0}.Release|Any CPU.ActiveCfg = Release|Any CPU
		{A3653B09-572B-4F18-9D5F-069DC3EBF1D0}.Release|Any CPU.Build.0 = Release|Any CPU
	EndGlobalSection
	GlobalSection(SolutionProperties) = preSolution
		HideSolutionNode = FALSE
	EndGlobalSection
EndGlobal
